github.com/fundor333/macia-image v0.0.0-20240725214249-d62c566a8e40 h1:lX3o4E2ZiTwLDpjHvsrqqkv5//5xjWKruWzGEQDT9a0=
github.com/fundor333/macia-image v0.0.0-20240725214249-d62c566a8e40/go.mod h1:9zBOlIP9CvKcUcK3q+La1av6XH/fWPSApaYF/lvVAKY=
github.com/fundor333/macia-image v0.0.0-20240725214515-c7c6846760dd h1:xCKNfSLInvs25OxveYTtZTxQ2EcY7jTvAMYQxrRlOnI=
github.com/fundor333/macia-image v0.0.0-20240725214515-c7c6846760dd/go.mod h1:9zBOlIP9CvKcUcK3q+La1av6XH/fWPSApaYF/lvVAKY=
github.com/fundor333/macia-image v0.0.0-20240725215853-124246d0f81e h1:9ynukv81tnNoPGQ6yn3tqd7VXKykjeVoHh3CoWnpGTw=
github.com/fundor333/macia-image v0.0.0-20240725215853-124246d0f81e/go.mod h1:9zBOlIP9CvKcUcK3q+La1av6XH/fWPSApaYF/lvVAKY=
github.com/fundor333/macia-image v0.0.0-20240725220840-6426db4d448d h1:iNoOVKia4P1IoUq/h9foeNqVHwJhW38YzFkCAvkBucE=
github.com/fundor333/macia-image v0.0.0-20240725220840-6426db4d448d/go.mod h1:9zBOlIP9CvKcUcK3q+La1av6XH/fWPSApaYF/lvVAKY=
github.com/fundor333/macia-image v0.0.0-20240725221038-67c76470874f h1:VV0nWhQXuX+foTWmwiFK2T0O/91w3fZ2xhlJ/saHV3c=
github.com/fundor333/macia-image v0.0.0-20240725221038-67c76470874f/go.mod h1:9zBOlIP9CvKcUcK3q+La1av6XH/fWPSApaYF/lvVAKY=
github.com/fundor333/macia-image v0.0.0-20240725222014-43e70706b82b h1:TD9YF6KpcvccV18eU3fvPwytP9iKmZs8yz5PXgjFjUk=
github.com/fundor333/macia-image v0.0.0-20240725222014-43e70706b82b/go.mod h1:9zBOlIP9CvKcUcK3q+La1av6XH/fWPSApaYF/lvVAKY=
github.com/fundor333/macia-image v0.0.0-20240725222129-33bd637996ae h1:7gP2daq7N5w4tR7gDRG7vhVXk1pIA6NDQHMLxWLmCpY=
github.com/fundor333/macia-image v0.0.0-20240725222129-33bd637996ae/go.mod h1:9zBOlIP9CvKcUcK3q+La1av6XH/fWPSApaYF/lvVAKY=
github.com/fundor333/macia-image v0.0.0-20240725222250-8d5405334ce4 h1:XB5q7OD6x78if79ojIX63PJG5gkO+rLzkr/0p3LZsdg=
github.com/fundor333/macia-image v0.0.0-20240725222250-8d5405334ce4/go.mod h1:9zBOlIP9CvKcUcK3q+La1av6XH/fWPSApaYF/lvVAKY=
github.com/fundor333/macia-image v0.0.0-20240725223224-a806faf4656b h1:s1gh5Mk0XFEBb3DJKeqj/t1qH1OKV2pDELJgPkJWPTI=
github.com/fundor333/macia-image v0.0.0-20240725223224-a806faf4656b/go.mod h1:9zBOlIP9CvKcUcK3q+La1av6XH/fWPSApaYF/lvVAKY=
github.com/fundor333/macia-webmention v0.0.0-20240725202417-69f3c4586b26 h1:aV2wtABOlWPzS9F5Q6o3MWbMKHVFRO0HCoZMqne5Jus=
github.com/fundor333/macia-webmention v0.0.0-20240725202417-69f3c4586b26/go.mod h1:a52OEN3AjE6bu2d8wov8c7xIhDTsp3PC7H70f+5Xb8c=
github.com/fundor333/macia-webmention v0.0.0-20240725203136-acd9ddafa51d h1:M0yM2psjhVY6p+z3s+ST0TWP9tR5nwRLVBYpLbteDXc=
github.com/fundor333/macia-webmention v0.0.0-20240725203136-acd9ddafa51d/go.mod h1:a52OEN3AjE6bu2d8wov8c7xIhDTsp3PC7H70f+5Xb8c=
github.com/fundor333/macia-webmention v0.0.0-20240725203400-990320f8dd56 h1:F6YUoZtT7bU+f2YZKyxf8xg2hsG7brbjQsrEZ6m+su0=
github.com/fundor333/macia-webmention v0.0.0-20240725203400-990320f8dd56/go.mod h1:a52OEN3AjE6bu2d8wov8c7xIhDTsp3PC7H70f+5Xb8c=
github.com/fundor333/macia-webmention v0.0.0-20240725203647-94709b2283ee h1:tNRs/zS5bSJnBXjq1vqiWPxbxw3CHA5Z8jxhQI9raJE=
github.com/fundor333/macia-webmention v0.0.0-20240725203647-94709b2283ee/go.mod h1:a52OEN3AjE6bu2d8wov8c7xIhDTsp3PC7H70f+5Xb8c=
github.com/fundor333/macia-webmention v0.0.0-20240725204131-1193320b19e5 h1:jDyO9aCnKpkKLyOnoujiqaettjeur4z/vuRqrL6sJUs=
github.com/fundor333/macia-webmention v0.0.0-20240725204131-1193320b19e5/go.mod h1:a52OEN3AjE6bu2d8wov8c7xIhDTsp3PC7H70f+5Xb8c=
github.com/fundor333/macia-webmention v0.0.0-20240725213011-cb8f3ca3b237 h1:dW/C+8XXED8/JVZ6yBIANc7XCmD0dCTb8+keOD+riBQ=
github.com/fundor333/macia-webmention v0.0.0-20240725213011-cb8f3ca3b237/go.mod h1:a52OEN3AjE6bu2d8wov8c7xIhDTsp3PC7H70f+5Xb8c=
github.com/fundor333/macia-webmention v0.0.0-20240725213257-5babe77b26ea h1:mnqe9Z8WwhcfyRDvZkFiSeAr8Bjtfgmu+IDUSoQS+Ng=
github.com/fundor333/macia-webmention v0.0.0-20240725213257-5babe77b26ea/go.mod h1:a52OEN3AjE6bu2d8wov8c7xIhDTsp3PC7H70f+5Xb8c=
