github.com/fundor333/fugu-theme v0.0.0-20240726095702-64ae0b9b55a5 h1:eivfhkfB3qz9rmV5WAPBm6xTysd+l0TbvDXUaJ9A3f8=
github.com/fundor333/fugu-theme v0.0.0-20240726095702-64ae0b9b55a5/go.mod h1:kqffrEut4mYR2wiF+PZNVbVdwsFD5RdWWpGzLY0jlJg=
github.com/fundor333/fugu-theme v0.0.0-20240726100724-17335de8f786 h1:qCCJfW161/e0/dNrAJRy9gN1ki7hOXIyE4a/vwWhHG4=
github.com/fundor333/fugu-theme v0.0.0-20240726100724-17335de8f786/go.mod h1:kqffrEut4mYR2wiF+PZNVbVdwsFD5RdWWpGzLY0jlJg=
github.com/fundor333/fugu-theme v0.0.0-20240726101941-cffe1a913e8f h1:6QDzq1/12D4m5/VwtAs4ebQneEc4x7gNHXiATR5OY0I=
github.com/fundor333/fugu-theme v0.0.0-20240726101941-cffe1a913e8f/go.mod h1:kqffrEut4mYR2wiF+PZNVbVdwsFD5RdWWpGzLY0jlJg=
github.com/fundor333/macia-image v0.0.0-20240725223224-a806faf4656b h1:s1gh5Mk0XFEBb3DJKeqj/t1qH1OKV2pDELJgPkJWPTI=
github.com/fundor333/macia-image v0.0.0-20240725223224-a806faf4656b/go.mod h1:9zBOlIP9CvKcUcK3q+La1av6XH/fWPSApaYF/lvVAKY=
github.com/fundor333/macia-indiweb v0.0.0-20240725231507-fef22775ad30 h1:0bLgfN88ZAzINZcEki4CryTNYiff7n0E95bTUZC8mmc=
github.com/fundor333/macia-indiweb v0.0.0-20240725231507-fef22775ad30/go.mod h1:mzfDNrWLvqaOhl7Fq3EaeEFuPDz5jKo5fqnNeaA9Yk4=
github.com/fundor333/macia-indiweb v0.0.0-20240725233054-91a7bc288290 h1:iHO3a0Y+NiEFdOnoL/zXjg5kj3LY3fk8rSbYZGI76CI=
github.com/fundor333/macia-indiweb v0.0.0-20240725233054-91a7bc288290/go.mod h1:mzfDNrWLvqaOhl7Fq3EaeEFuPDz5jKo5fqnNeaA9Yk4=
github.com/fundor333/macia-webmention v0.0.0-20240725213257-5babe77b26ea h1:mnqe9Z8WwhcfyRDvZkFiSeAr8Bjtfgmu+IDUSoQS+Ng=
github.com/fundor333/macia-webmention v0.0.0-20240725213257-5babe77b26ea/go.mod h1:a52OEN3AjE6bu2d8wov8c7xIhDTsp3PC7H70f+5Xb8c=
