github.com/fundor333/macha-theme v1.5.6 h1:VtagySJ5ghQ8A9xFup589BwYcFeZs69jdCeQkYry1z0=
github.com/fundor333/macha-theme v1.5.6/go.mod h1:9wcb8vT8U3KtPVG5XIGK//OlUfgA2lc80cc/7zLzHbs=
github.com/fundor333/macia-image v1.1.0 h1:dLPDbQ8giOhTRKMM4/xWCJ/yFFlkz5HO9nDEH2s1w/Q=
github.com/fundor333/macia-image v1.1.0/go.mod h1:9zBOlIP9CvKcUcK3q+La1av6XH/fWPSApaYF/lvVAKY=
github.com/fundor333/macia-indiweb v1.0.0 h1:W/S9d5FpT69FLv3hzA2unDKy2a7NRns+ANWM87rMFjY=
github.com/fundor333/macia-indiweb v1.0.0/go.mod h1:mzfDNrWLvqaOhl7Fq3EaeEFuPDz5jKo5fqnNeaA9Yk4=
